// !$*UTF8*$!
{
	archiveVersion = 1;
	classes = {
	};
	objectVersion = 56;
	objects = {

/* Begin PBXBuildFile section */
		558EEF3D2B8BC9E3000C2D8E /* ConvertationViewController.swift in Sources */ = {isa = PBXBuildFile; fileRef = 558EEF3C2B8BC9E3000C2D8E /* ConvertationViewController.swift */; };
		558EEF3F2B8BFE41000C2D8E /* HistoryViewController.swift in Sources */ = {isa = PBXBuildFile; fileRef = 558EEF3E2B8BFE41000C2D8E /* HistoryViewController.swift */; };
		558EEF412B8C0554000C2D8E /* UnitSelectionViewController.swift in Sources */ = {isa = PBXBuildFile; fileRef = 558EEF402B8C0554000C2D8E /* UnitSelectionViewController.swift */; };
		558EEF432B8CE805000C2D8E /* ConversionHistory.swift in Sources */ = {isa = PBXBuildFile; fileRef = 558EEF422B8CE805000C2D8E /* ConversionHistory.swift */; };
		9605FB152B84D465006DE90E /* FantasticUnits.swift in Sources */ = {isa = PBXBuildFile; fileRef = 9605FB142B84D465006DE90E /* FantasticUnits.swift */; };
		9605FB172B84D56E006DE90E /* ConversionEvent.swift in Sources */ = {isa = PBXBuildFile; fileRef = 9605FB162B84D56E006DE90E /* ConversionEvent.swift */; };
		9631D3592B86733F00B45946 /* ConverterViewControllerTests.swift in Sources */ = {isa = PBXBuildFile; fileRef = 9631D3582B86733F00B45946 /* ConverterViewControllerTests.swift */; };
		9651FBAF2B7BBB520061FDF7 /* AppDelegate.swift in Sources */ = {isa = PBXBuildFile; fileRef = 9651FBAE2B7BBB520061FDF7 /* AppDelegate.swift */; };
		9651FBB32B7BBB520061FDF7 /* ConverterViewController.swift in Sources */ = {isa = PBXBuildFile; fileRef = 9651FBB22B7BBB520061FDF7 /* ConverterViewController.swift */; };
		9651FBB82B7BBB530061FDF7 /* Assets.xcassets in Resources */ = {isa = PBXBuildFile; fileRef = 9651FBB72B7BBB530061FDF7 /* Assets.xcassets */; };
		9651FBBB2B7BBB530061FDF7 /* LaunchScreen.storyboard in Resources */ = {isa = PBXBuildFile; fileRef = 9651FBB92B7BBB530061FDF7 /* LaunchScreen.storyboard */; };
		9651FBC62B7BBB530061FDF7 /* FantasyUnitsConverterTests.swift in Sources */ = {isa = PBXBuildFile; fileRef = 9651FBC52B7BBB530061FDF7 /* FantasyUnitsConverterTests.swift */; };
		9651FBD02B7BBB530061FDF7 /* FantasyUnitsConverterUITests.swift in Sources */ = {isa = PBXBuildFile; fileRef = 9651FBCF2B7BBB530061FDF7 /* FantasyUnitsConverterUITests.swift */; };
		9651FBD22B7BBB530061FDF7 /* FantasyUnitsConverterUITestsLaunchTests.swift in Sources */ = {isa = PBXBuildFile; fileRef = 9651FBD12B7BBB530061FDF7 /* FantasyUnitsConverterUITestsLaunchTests.swift */; };
		9651FC1D2B7BBDA50061FDF7 /* ConverterController.swift in Sources */ = {isa = PBXBuildFile; fileRef = 9651FC1C2B7BBDA50061FDF7 /* ConverterController.swift */; };
/* End PBXBuildFile section */

/* Begin PBXContainerItemProxy section */
		9651FBC22B7BBB530061FDF7 /* PBXContainerItemProxy */ = {
			isa = PBXContainerItemProxy;
			containerPortal = 9651FBA32B7BBB520061FDF7 /* Project object */;
			proxyType = 1;
			remoteGlobalIDString = 9651FBAA2B7BBB520061FDF7;
			remoteInfo = FantasyUnitsConverter;
		};
		9651FBCC2B7BBB530061FDF7 /* PBXContainerItemProxy */ = {
			isa = PBXContainerItemProxy;
			containerPortal = 9651FBA32B7BBB520061FDF7 /* Project object */;
			proxyType = 1;
			remoteGlobalIDString = 9651FBAA2B7BBB520061FDF7;
			remoteInfo = FantasyUnitsConverter;
		};
/* End PBXContainerItemProxy section */

/* Begin PBXFileReference section */
		558EEF3C2B8BC9E3000C2D8E /* ConvertationViewController.swift */ = {isa = PBXFileReference; lastKnownFileType = sourcecode.swift; path = ConvertationViewController.swift; sourceTree = "<group>"; };
		558EEF3E2B8BFE41000C2D8E /* HistoryViewController.swift */ = {isa = PBXFileReference; lastKnownFileType = sourcecode.swift; path = HistoryViewController.swift; sourceTree = "<group>"; };
		558EEF402B8C0554000C2D8E /* UnitSelectionViewController.swift */ = {isa = PBXFileReference; lastKnownFileType = sourcecode.swift; path = UnitSelectionViewController.swift; sourceTree = "<group>"; };
		558EEF422B8CE805000C2D8E /* ConversionHistory.swift */ = {isa = PBXFileReference; lastKnownFileType = sourcecode.swift; path = ConversionHistory.swift; sourceTree = "<group>"; };
		9605FB142B84D465006DE90E /* FantasticUnits.swift */ = {isa = PBXFileReference; lastKnownFileType = sourcecode.swift; path = FantasticUnits.swift; sourceTree = "<group>"; };
		9605FB162B84D56E006DE90E /* ConversionEvent.swift */ = {isa = PBXFileReference; lastKnownFileType = sourcecode.swift; path = ConversionEvent.swift; sourceTree = "<group>"; };
		9631D3582B86733F00B45946 /* ConverterViewControllerTests.swift */ = {isa = PBXFileReference; lastKnownFileType = sourcecode.swift; path = ConverterViewControllerTests.swift; sourceTree = "<group>"; };
		9651FBAB2B7BBB520061FDF7 /* FantasyUnitsConverter.app */ = {isa = PBXFileReference; explicitFileType = wrapper.application; includeInIndex = 0; path = FantasyUnitsConverter.app; sourceTree = BUILT_PRODUCTS_DIR; };
		9651FBAE2B7BBB520061FDF7 /* AppDelegate.swift */ = {isa = PBXFileReference; lastKnownFileType = sourcecode.swift; path = AppDelegate.swift; sourceTree = "<group>"; };
		9651FBB22B7BBB520061FDF7 /* ConverterViewController.swift */ = {isa = PBXFileReference; lastKnownFileType = sourcecode.swift; path = ConverterViewController.swift; sourceTree = "<group>"; };
		9651FBB72B7BBB530061FDF7 /* Assets.xcassets */ = {isa = PBXFileReference; lastKnownFileType = folder.assetcatalog; path = Assets.xcassets; sourceTree = "<group>"; };
		9651FBBA2B7BBB530061FDF7 /* Base */ = {isa = PBXFileReference; lastKnownFileType = file.storyboard; name = Base; path = Base.lproj/LaunchScreen.storyboard; sourceTree = "<group>"; };
		9651FBBC2B7BBB530061FDF7 /* Info.plist */ = {isa = PBXFileReference; lastKnownFileType = text.plist.xml; path = Info.plist; sourceTree = "<group>"; };
		9651FBC12B7BBB530061FDF7 /* FantasyUnitsConverterTests.xctest */ = {isa = PBXFileReference; explicitFileType = wrapper.cfbundle; includeInIndex = 0; path = FantasyUnitsConverterTests.xctest; sourceTree = BUILT_PRODUCTS_DIR; };
		9651FBC52B7BBB530061FDF7 /* FantasyUnitsConverterTests.swift */ = {isa = PBXFileReference; lastKnownFileType = sourcecode.swift; path = FantasyUnitsConverterTests.swift; sourceTree = "<group>"; };
		9651FBCB2B7BBB530061FDF7 /* FantasyUnitsConverterUITests.xctest */ = {isa = PBXFileReference; explicitFileType = wrapper.cfbundle; includeInIndex = 0; path = FantasyUnitsConverterUITests.xctest; sourceTree = BUILT_PRODUCTS_DIR; };
		9651FBCF2B7BBB530061FDF7 /* FantasyUnitsConverterUITests.swift */ = {isa = PBXFileReference; lastKnownFileType = sourcecode.swift; path = FantasyUnitsConverterUITests.swift; sourceTree = "<group>"; };
		9651FBD12B7BBB530061FDF7 /* FantasyUnitsConverterUITestsLaunchTests.swift */ = {isa = PBXFileReference; lastKnownFileType = sourcecode.swift; path = FantasyUnitsConverterUITestsLaunchTests.swift; sourceTree = "<group>"; };
		9651FC1C2B7BBDA50061FDF7 /* ConverterController.swift */ = {isa = PBXFileReference; lastKnownFileType = sourcecode.swift; path = ConverterController.swift; sourceTree = "<group>"; };
/* End PBXFileReference section */

/* Begin PBXFrameworksBuildPhase section */
		9651FBA82B7BBB520061FDF7 /* Frameworks */ = {
			isa = PBXFrameworksBuildPhase;
			buildActionMask = 2147483647;
			files = (
			);
			runOnlyForDeploymentPostprocessing = 0;
		};
		9651FBBE2B7BBB530061FDF7 /* Frameworks */ = {
			isa = PBXFrameworksBuildPhase;
			buildActionMask = 2147483647;
			files = (
			);
			runOnlyForDeploymentPostprocessing = 0;
		};
		9651FBC82B7BBB530061FDF7 /* Frameworks */ = {
			isa = PBXFrameworksBuildPhase;
			buildActionMask = 2147483647;
			files = (
			);
			runOnlyForDeploymentPostprocessing = 0;
		};
/* End PBXFrameworksBuildPhase section */

/* Begin PBXGroup section */
		9651FBA22B7BBB520061FDF7 = {
			isa = PBXGroup;
			children = (
				9651FBAD2B7BBB520061FDF7 /* FantasyUnitsConverter */,
				9651FBC42B7BBB530061FDF7 /* FantasyUnitsConverterTests */,
				9651FBCE2B7BBB530061FDF7 /* FantasyUnitsConverterUITests */,
				9651FBAC2B7BBB520061FDF7 /* Products */,
			);
			sourceTree = "<group>";
		};
		9651FBAC2B7BBB520061FDF7 /* Products */ = {
			isa = PBXGroup;
			children = (
				9651FBAB2B7BBB520061FDF7 /* FantasyUnitsConverter.app */,
				9651FBC12B7BBB530061FDF7 /* FantasyUnitsConverterTests.xctest */,
				9651FBCB2B7BBB530061FDF7 /* FantasyUnitsConverterUITests.xctest */,
			);
			name = Products;
			sourceTree = "<group>";
		};
		9651FBAD2B7BBB520061FDF7 /* FantasyUnitsConverter */ = {
			isa = PBXGroup;
			children = (
				9651FBAE2B7BBB520061FDF7 /* AppDelegate.swift */,
				9651FBB22B7BBB520061FDF7 /* ConverterViewController.swift */,
				558EEF3C2B8BC9E3000C2D8E /* ConvertationViewController.swift */,
				558EEF3E2B8BFE41000C2D8E /* HistoryViewController.swift */,
				558EEF402B8C0554000C2D8E /* UnitSelectionViewController.swift */,
				9651FC1C2B7BBDA50061FDF7 /* ConverterController.swift */,
				558EEF422B8CE805000C2D8E /* ConversionHistory.swift */,
				9605FB162B84D56E006DE90E /* ConversionEvent.swift */,
				9605FB142B84D465006DE90E /* FantasticUnits.swift */,
				9651FBB72B7BBB530061FDF7 /* Assets.xcassets */,
				9651FBB92B7BBB530061FDF7 /* LaunchScreen.storyboard */,
				9651FBBC2B7BBB530061FDF7 /* Info.plist */,
			);
			path = FantasyUnitsConverter;
			sourceTree = "<group>";
		};
		9651FBC42B7BBB530061FDF7 /* FantasyUnitsConverterTests */ = {
			isa = PBXGroup;
			children = (
				9651FBC52B7BBB530061FDF7 /* FantasyUnitsConverterTests.swift */,
				9631D3582B86733F00B45946 /* ConverterViewControllerTests.swift */,
			);
			path = FantasyUnitsConverterTests;
			sourceTree = "<group>";
		};
		9651FBCE2B7BBB530061FDF7 /* FantasyUnitsConverterUITests */ = {
			isa = PBXGroup;
			children = (
				9651FBCF2B7BBB530061FDF7 /* FantasyUnitsConverterUITests.swift */,
				9651FBD12B7BBB530061FDF7 /* FantasyUnitsConverterUITestsLaunchTests.swift */,
			);
			path = FantasyUnitsConverterUITests;
			sourceTree = "<group>";
		};
/* End PBXGroup section */

/* Begin PBXNativeTarget section */
		9651FBAA2B7BBB520061FDF7 /* FantasyUnitsConverter */ = {
			isa = PBXNativeTarget;
			buildConfigurationList = 9651FBD52B7BBB530061FDF7 /* Build configuration list for PBXNativeTarget "FantasyUnitsConverter" */;
			buildPhases = (
				9651FBA72B7BBB520061FDF7 /* Sources */,
				9651FBA82B7BBB520061FDF7 /* Frameworks */,
				9651FBA92B7BBB520061FDF7 /* Resources */,
			);
			buildRules = (
			);
			dependencies = (
			);
			name = FantasyUnitsConverter;
			productName = FantasyUnitsConverter;
			productReference = 9651FBAB2B7BBB520061FDF7 /* FantasyUnitsConverter.app */;
			productType = "com.apple.product-type.application";
		};
		9651FBC02B7BBB530061FDF7 /* FantasyUnitsConverterTests */ = {
			isa = PBXNativeTarget;
			buildConfigurationList = 9651FBD82B7BBB530061FDF7 /* Build configuration list for PBXNativeTarget "FantasyUnitsConverterTests" */;
			buildPhases = (
				9651FBBD2B7BBB530061FDF7 /* Sources */,
				9651FBBE2B7BBB530061FDF7 /* Frameworks */,
				9651FBBF2B7BBB530061FDF7 /* Resources */,
			);
			buildRules = (
			);
			dependencies = (
				9651FBC32B7BBB530061FDF7 /* PBXTargetDependency */,
			);
			name = FantasyUnitsConverterTests;
			productName = FantasyUnitsConverterTests;
			productReference = 9651FBC12B7BBB530061FDF7 /* FantasyUnitsConverterTests.xctest */;
			productType = "com.apple.product-type.bundle.unit-test";
		};
		9651FBCA2B7BBB530061FDF7 /* FantasyUnitsConverterUITests */ = {
			isa = PBXNativeTarget;
			buildConfigurationList = 9651FBDB2B7BBB530061FDF7 /* Build configuration list for PBXNativeTarget "FantasyUnitsConverterUITests" */;
			buildPhases = (
				9651FBC72B7BBB530061FDF7 /* Sources */,
				9651FBC82B7BBB530061FDF7 /* Frameworks */,
				9651FBC92B7BBB530061FDF7 /* Resources */,
			);
			buildRules = (
			);
			dependencies = (
				9651FBCD2B7BBB530061FDF7 /* PBXTargetDependency */,
			);
			name = FantasyUnitsConverterUITests;
			productName = FantasyUnitsConverterUITests;
			productReference = 9651FBCB2B7BBB530061FDF7 /* FantasyUnitsConverterUITests.xctest */;
			productType = "com.apple.product-type.bundle.ui-testing";
		};
/* End PBXNativeTarget section */

/* Begin PBXProject section */
		9651FBA32B7BBB520061FDF7 /* Project object */ = {
			isa = PBXProject;
			attributes = {
				BuildIndependentTargetsInParallel = 1;
				LastSwiftUpdateCheck = 1520;
				LastUpgradeCheck = 1520;
				TargetAttributes = {
					9651FBAA2B7BBB520061FDF7 = {
						CreatedOnToolsVersion = 15.2;
					};
					9651FBC02B7BBB530061FDF7 = {
						CreatedOnToolsVersion = 15.2;
						TestTargetID = 9651FBAA2B7BBB520061FDF7;
					};
					9651FBCA2B7BBB530061FDF7 = {
						CreatedOnToolsVersion = 15.2;
						TestTargetID = 9651FBAA2B7BBB520061FDF7;
					};
				};
			};
			buildConfigurationList = 9651FBA62B7BBB520061FDF7 /* Build configuration list for PBXProject "FantasyUnitsConverter" */;
			compatibilityVersion = "Xcode 14.0";
			developmentRegion = en;
			hasScannedForEncodings = 0;
			knownRegions = (
				en,
				Base,
			);
			mainGroup = 9651FBA22B7BBB520061FDF7;
			productRefGroup = 9651FBAC2B7BBB520061FDF7 /* Products */;
			projectDirPath = "";
			projectRoot = "";
			targets = (
				9651FBAA2B7BBB520061FDF7 /* FantasyUnitsConverter */,
				9651FBC02B7BBB530061FDF7 /* FantasyUnitsConverterTests */,
				9651FBCA2B7BBB530061FDF7 /* FantasyUnitsConverterUITests */,
			);
		};
/* End PBXProject section */

/* Begin PBXResourcesBuildPhase section */
		9651FBA92B7BBB520061FDF7 /* Resources */ = {
			isa = PBXResourcesBuildPhase;
			buildActionMask = 2147483647;
			files = (
				9651FBBB2B7BBB530061FDF7 /* LaunchScreen.storyboard in Resources */,
				9651FBB82B7BBB530061FDF7 /* Assets.xcassets in Resources */,
			);
			runOnlyForDeploymentPostprocessing = 0;
		};
		9651FBBF2B7BBB530061FDF7 /* Resources */ = {
			isa = PBXResourcesBuildPhase;
			buildActionMask = 2147483647;
			files = (
			);
			runOnlyForDeploymentPostprocessing = 0;
		};
		9651FBC92B7BBB530061FDF7 /* Resources */ = {
			isa = PBXResourcesBuildPhase;
			buildActionMask = 2147483647;
			files = (
			);
			runOnlyForDeploymentPostprocessing = 0;
		};
/* End PBXResourcesBuildPhase section */

/* Begin PBXSourcesBuildPhase section */
		9651FBA72B7BBB520061FDF7 /* Sources */ = {
			isa = PBXSourcesBuildPhase;
			buildActionMask = 2147483647;
			files = (
				9605FB172B84D56E006DE90E /* ConversionEvent.swift in Sources */,
				9605FB152B84D465006DE90E /* FantasticUnits.swift in Sources */,
				9651FBB32B7BBB520061FDF7 /* ConverterViewController.swift in Sources */,
				558EEF432B8CE805000C2D8E /* ConversionHistory.swift in Sources */,
				558EEF412B8C0554000C2D8E /* UnitSelectionViewController.swift in Sources */,
				9651FC1D2B7BBDA50061FDF7 /* ConverterController.swift in Sources */,
				9651FBAF2B7BBB520061FDF7 /* AppDelegate.swift in Sources */,
				558EEF3F2B8BFE41000C2D8E /* HistoryViewController.swift in Sources */,
				558EEF3D2B8BC9E3000C2D8E /* ConvertationViewController.swift in Sources */,
			);
			runOnlyForDeploymentPostprocessing = 0;
		};
		9651FBBD2B7BBB530061FDF7 /* Sources */ = {
			isa = PBXSourcesBuildPhase;
			buildActionMask = 2147483647;
			files = (
				9631D3592B86733F00B45946 /* ConverterViewControllerTests.swift in Sources */,
				9651FBC62B7BBB530061FDF7 /* FantasyUnitsConverterTests.swift in Sources */,
			);
			runOnlyForDeploymentPostprocessing = 0;
		};
		9651FBC72B7BBB530061FDF7 /* Sources */ = {
			isa = PBXSourcesBuildPhase;
			buildActionMask = 2147483647;
			files = (
				9651FBD22B7BBB530061FDF7 /* FantasyUnitsConverterUITestsLaunchTests.swift in Sources */,
				9651FBD02B7BBB530061FDF7 /* FantasyUnitsConverterUITests.swift in Sources */,
			);
			runOnlyForDeploymentPostprocessing = 0;
		};
/* End PBXSourcesBuildPhase section */

/* Begin PBXTargetDependency section */
		9651FBC32B7BBB530061FDF7 /* PBXTargetDependency */ = {
			isa = PBXTargetDependency;
			target = 9651FBAA2B7BBB520061FDF7 /* FantasyUnitsConverter */;
			targetProxy = 9651FBC22B7BBB530061FDF7 /* PBXContainerItemProxy */;
		};
		9651FBCD2B7BBB530061FDF7 /* PBXTargetDependency */ = {
			isa = PBXTargetDependency;
			target = 9651FBAA2B7BBB520061FDF7 /* FantasyUnitsConverter */;
			targetProxy = 9651FBCC2B7BBB530061FDF7 /* PBXContainerItemProxy */;
		};
/* End PBXTargetDependency section */

/* Begin PBXVariantGroup section */
		9651FBB92B7BBB530061FDF7 /* LaunchScreen.storyboard */ = {
			isa = PBXVariantGroup;
			children = (
				9651FBBA2B7BBB530061FDF7 /* Base */,
			);
			name = LaunchScreen.storyboard;
			sourceTree = "<group>";
		};
/* End PBXVariantGroup section */

/* Begin XCBuildConfiguration section */
		9651FBD32B7BBB530061FDF7 /* Debug */ = {
			isa = XCBuildConfiguration;
			buildSettings = {
				ALWAYS_SEARCH_USER_PATHS = NO;
				ASSETCATALOG_COMPILER_GENERATE_SWIFT_ASSET_SYMBOL_EXTENSIONS = YES;
				CLANG_ANALYZER_NONNULL = YES;
				CLANG_ANALYZER_NUMBER_OBJECT_CONVERSION = YES_AGGRESSIVE;
				CLANG_CXX_LANGUAGE_STANDARD = "gnu++20";
				CLANG_ENABLE_MODULES = YES;
				CLANG_ENABLE_OBJC_ARC = YES;
				CLANG_ENABLE_OBJC_WEAK = YES;
				CLANG_WARN_BLOCK_CAPTURE_AUTORELEASING = YES;
				CLANG_WARN_BOOL_CONVERSION = YES;
				CLANG_WARN_COMMA = YES;
				CLANG_WARN_CONSTANT_CONVERSION = YES;
				CLANG_WARN_DEPRECATED_OBJC_IMPLEMENTATIONS = YES;
				CLANG_WARN_DIRECT_OBJC_ISA_USAGE = YES_ERROR;
				CLANG_WARN_DOCUMENTATION_COMMENTS = YES;
				CLANG_WARN_EMPTY_BODY = YES;
				CLANG_WARN_ENUM_CONVERSION = YES;
				CLANG_WARN_INFINITE_RECURSION = YES;
				CLANG_WARN_INT_CONVERSION = YES;
				CLANG_WARN_NON_LITERAL_NULL_CONVERSION = YES;
				CLANG_WARN_OBJC_IMPLICIT_RETAIN_SELF = YES;
				CLANG_WARN_OBJC_LITERAL_CONVERSION = YES;
				CLANG_WARN_OBJC_ROOT_CLASS = YES_ERROR;
				CLANG_WARN_QUOTED_INCLUDE_IN_FRAMEWORK_HEADER = YES;
				CLANG_WARN_RANGE_LOOP_ANALYSIS = YES;
				CLANG_WARN_STRICT_PROTOTYPES = YES;
				CLANG_WARN_SUSPICIOUS_MOVE = YES;
				CLANG_WARN_UNGUARDED_AVAILABILITY = YES_AGGRESSIVE;
				CLANG_WARN_UNREACHABLE_CODE = YES;
				CLANG_WARN__DUPLICATE_METHOD_MATCH = YES;
				COPY_PHASE_STRIP = NO;
				DEBUG_INFORMATION_FORMAT = dwarf;
				ENABLE_STRICT_OBJC_MSGSEND = YES;
				ENABLE_TESTABILITY = YES;
				ENABLE_USER_SCRIPT_SANDBOXING = YES;
				GCC_C_LANGUAGE_STANDARD = gnu17;
				GCC_DYNAMIC_NO_PIC = NO;
				GCC_NO_COMMON_BLOCKS = YES;
				GCC_OPTIMIZATION_LEVEL = 0;
				GCC_PREPROCESSOR_DEFINITIONS = (
					"DEBUG=1",
					"$(inherited)",
				);
				GCC_WARN_64_TO_32_BIT_CONVERSION = YES;
				GCC_WARN_ABOUT_RETURN_TYPE = YES_ERROR;
				GCC_WARN_UNDECLARED_SELECTOR = YES;
				GCC_WARN_UNINITIALIZED_AUTOS = YES_AGGRESSIVE;
				GCC_WARN_UNUSED_FUNCTION = YES;
				GCC_WARN_UNUSED_VARIABLE = YES;
				IPHONEOS_DEPLOYMENT_TARGET = 17.2;
				LOCALIZATION_PREFERS_STRING_CATALOGS = YES;
				MTL_ENABLE_DEBUG_INFO = INCLUDE_SOURCE;
				MTL_FAST_MATH = YES;
				ONLY_ACTIVE_ARCH = YES;
				SDKROOT = iphoneos;
				SWIFT_ACTIVE_COMPILATION_CONDITIONS = "DEBUG $(inherited)";
				SWIFT_OPTIMIZATION_LEVEL = "-Onone";
			};
			name = Debug;
		};
		9651FBD42B7BBB530061FDF7 /* Release */ = {
			isa = XCBuildConfiguration;
			buildSettings = {
				ALWAYS_SEARCH_USER_PATHS = NO;
				ASSETCATALOG_COMPILER_GENERATE_SWIFT_ASSET_SYMBOL_EXTENSIONS = YES;
				CLANG_ANALYZER_NONNULL = YES;
				CLANG_ANALYZER_NUMBER_OBJECT_CONVERSION = YES_AGGRESSIVE;
				CLANG_CXX_LANGUAGE_STANDARD = "gnu++20";
				CLANG_ENABLE_MODULES = YES;
				CLANG_ENABLE_OBJC_ARC = YES;
				CLANG_ENABLE_OBJC_WEAK = YES;
				CLANG_WARN_BLOCK_CAPTURE_AUTORELEASING = YES;
				CLANG_WARN_BOOL_CONVERSION = YES;
				CLANG_WARN_COMMA = YES;
				CLANG_WARN_CONSTANT_CONVERSION = YES;
				CLANG_WARN_DEPRECATED_OBJC_IMPLEMENTATIONS = YES;
				CLANG_WARN_DIRECT_OBJC_ISA_USAGE = YES_ERROR;
				CLANG_WARN_DOCUMENTATION_COMMENTS = YES;
				CLANG_WARN_EMPTY_BODY = YES;
				CLANG_WARN_ENUM_CONVERSION = YES;
				CLANG_WARN_INFINITE_RECURSION = YES;
				CLANG_WARN_INT_CONVERSION = YES;
				CLANG_WARN_NON_LITERAL_NULL_CONVERSION = YES;
				CLANG_WARN_OBJC_IMPLICIT_RETAIN_SELF = YES;
				CLANG_WARN_OBJC_LITERAL_CONVERSION = YES;
				CLANG_WARN_OBJC_ROOT_CLASS = YES_ERROR;
				CLANG_WARN_QUOTED_INCLUDE_IN_FRAMEWORK_HEADER = YES;
				CLANG_WARN_RANGE_LOOP_ANALYSIS = YES;
				CLANG_WARN_STRICT_PROTOTYPES = YES;
				CLANG_WARN_SUSPICIOUS_MOVE = YES;
				CLANG_WARN_UNGUARDED_AVAILABILITY = YES_AGGRESSIVE;
				CLANG_WARN_UNREACHABLE_CODE = YES;
				CLANG_WARN__DUPLICATE_METHOD_MATCH = YES;
				COPY_PHASE_STRIP = NO;
				DEBUG_INFORMATION_FORMAT = "dwarf-with-dsym";
				ENABLE_NS_ASSERTIONS = NO;
				ENABLE_STRICT_OBJC_MSGSEND = YES;
				ENABLE_USER_SCRIPT_SANDBOXING = YES;
				GCC_C_LANGUAGE_STANDARD = gnu17;
				GCC_NO_COMMON_BLOCKS = YES;
				GCC_WARN_64_TO_32_BIT_CONVERSION = YES;
				GCC_WARN_ABOUT_RETURN_TYPE = YES_ERROR;
				GCC_WARN_UNDECLARED_SELECTOR = YES;
				GCC_WARN_UNINITIALIZED_AUTOS = YES_AGGRESSIVE;
				GCC_WARN_UNUSED_FUNCTION = YES;
				GCC_WARN_UNUSED_VARIABLE = YES;
				IPHONEOS_DEPLOYMENT_TARGET = 17.2;
				LOCALIZATION_PREFERS_STRING_CATALOGS = YES;
				MTL_ENABLE_DEBUG_INFO = NO;
				MTL_FAST_MATH = YES;
				SDKROOT = iphoneos;
				SWIFT_COMPILATION_MODE = wholemodule;
				VALIDATE_PRODUCT = YES;
			};
			name = Release;
		};
		9651FBD62B7BBB530061FDF7 /* Debug */ = {
			isa = XCBuildConfiguration;
			buildSettings = {
				ASSETCATALOG_COMPILER_APPICON_NAME = AppIcon;
				ASSETCATALOG_COMPILER_GLOBAL_ACCENT_COLOR_NAME = AccentColor;
				CODE_SIGN_STYLE = Automatic;
				CURRENT_PROJECT_VERSION = 1;
				GENERATE_INFOPLIST_FILE = YES;
				INFOPLIST_FILE = FantasyUnitsConverter/Info.plist;
				INFOPLIST_KEY_UIApplicationSupportsIndirectInputEvents = YES;
				INFOPLIST_KEY_UILaunchStoryboardName = LaunchScreen;
				INFOPLIST_KEY_UISupportedInterfaceOrientations_iPad = "UIInterfaceOrientationPortrait UIInterfaceOrientationPortraitUpsideDown UIInterfaceOrientationLandscapeLeft UIInterfaceOrientationLandscapeRight";
				INFOPLIST_KEY_UISupportedInterfaceOrientations_iPhone = "UIInterfaceOrientationPortrait UIInterfaceOrientationLandscapeLeft UIInterfaceOrientationLandscapeRight";
				LD_RUNPATH_SEARCH_PATHS = (
					"$(inherited)",
					"@executable_path/Frameworks",
				);
				MARKETING_VERSION = 1.0;
				PRODUCT_BUNDLE_IDENTIFIER = YandexPracticum.FantasyUnitsConverter;
				PRODUCT_NAME = "$(TARGET_NAME)";
				SWIFT_EMIT_LOC_STRINGS = YES;
				SWIFT_VERSION = 5.0;
				TARGETED_DEVICE_FAMILY = "1,2";
			};
			name = Debug;
		};
		9651FBD72B7BBB530061FDF7 /* Release */ = {
			isa = XCBuildConfiguration;
			buildSettings = {
				ASSETCATALOG_COMPILER_APPICON_NAME = AppIcon;
				ASSETCATALOG_COMPILER_GLOBAL_ACCENT_COLOR_NAME = AccentColor;
				CODE_SIGN_STYLE = Automatic;
				CURRENT_PROJECT_VERSION = 1;
				GENERATE_INFOPLIST_FILE = YES;
				INFOPLIST_FILE = FantasyUnitsConverter/Info.plist;
				INFOPLIST_KEY_UIApplicationSupportsIndirectInputEvents = YES;
				INFOPLIST_KEY_UILaunchStoryboardName = LaunchScreen;
				INFOPLIST_KEY_UISupportedInterfaceOrientations_iPad = "UIInterfaceOrientationPortrait UIInterfaceOrientationPortraitUpsideDown UIInterfaceOrientationLandscapeLeft UIInterfaceOrientationLandscapeRight";
				INFOPLIST_KEY_UISupportedInterfaceOrientations_iPhone = "UIInterfaceOrientationPortrait UIInterfaceOrientationLandscapeLeft UIInterfaceOrientationLandscapeRight";
				LD_RUNPATH_SEARCH_PATHS = (
					"$(inherited)",
					"@executable_path/Frameworks",
				);
				MARKETING_VERSION = 1.0;
				PRODUCT_BUNDLE_IDENTIFIER = YandexPracticum.FantasyUnitsConverter;
				PRODUCT_NAME = "$(TARGET_NAME)";
				SWIFT_EMIT_LOC_STRINGS = YES;
				SWIFT_VERSION = 5.0;
				TARGETED_DEVICE_FAMILY = "1,2";
			};
			name = Release;
		};
		9651FBD92B7BBB530061FDF7 /* Debug */ = {
			isa = XCBuildConfiguration;
			buildSettings = {
				ALWAYS_EMBED_SWIFT_STANDARD_LIBRARIES = YES;
				BUNDLE_LOADER = "$(TEST_HOST)";
				CODE_SIGN_STYLE = Automatic;
				CURRENT_PROJECT_VERSION = 1;
				GENERATE_INFOPLIST_FILE = YES;
				IPHONEOS_DEPLOYMENT_TARGET = 17.2;
				MARKETING_VERSION = 1.0;
				PRODUCT_BUNDLE_IDENTIFIER = YandexPracticum.FantasyUnitsConverterTests;
				PRODUCT_NAME = "$(TARGET_NAME)";
				SWIFT_EMIT_LOC_STRINGS = NO;
				SWIFT_VERSION = 5.0;
				TARGETED_DEVICE_FAMILY = "1,2";
				TEST_HOST = "$(BUILT_PRODUCTS_DIR)/FantasyUnitsConverter.app/$(BUNDLE_EXECUTABLE_FOLDER_PATH)/FantasyUnitsConverter";
			};
			name = Debug;
		};
		9651FBDA2B7BBB530061FDF7 /* Release */ = {
			isa = XCBuildConfiguration;
			buildSettings = {
				ALWAYS_EMBED_SWIFT_STANDARD_LIBRARIES = YES;
				BUNDLE_LOADER = "$(TEST_HOST)";
				CODE_SIGN_STYLE = Automatic;
				CURRENT_PROJECT_VERSION = 1;
				GENERATE_INFOPLIST_FILE = YES;
				IPHONEOS_DEPLOYMENT_TARGET = 17.2;
				MARKETING_VERSION = 1.0;
				PRODUCT_BUNDLE_IDENTIFIER = YandexPracticum.FantasyUnitsConverterTests;
				PRODUCT_NAME = "$(TARGET_NAME)";
				SWIFT_EMIT_LOC_STRINGS = NO;
				SWIFT_VERSION = 5.0;
				TARGETED_DEVICE_FAMILY = "1,2";
				TEST_HOST = "$(BUILT_PRODUCTS_DIR)/FantasyUnitsConverter.app/$(BUNDLE_EXECUTABLE_FOLDER_PATH)/FantasyUnitsConverter";
			};
			name = Release;
		};
		9651FBDC2B7BBB530061FDF7 /* Debug */ = {
			isa = XCBuildConfiguration;
			buildSettings = {
				ALWAYS_EMBED_SWIFT_STANDARD_LIBRARIES = YES;
				CODE_SIGN_STYLE = Automatic;
				CURRENT_PROJECT_VERSION = 1;
				GENERATE_INFOPLIST_FILE = YES;
				MARKETING_VERSION = 1.0;
				PRODUCT_BUNDLE_IDENTIFIER = YandexPracticum.FantasyUnitsConverterUITests;
				PRODUCT_NAME = "$(TARGET_NAME)";
				SWIFT_EMIT_LOC_STRINGS = NO;
				SWIFT_VERSION = 5.0;
				TARGETED_DEVICE_FAMILY = "1,2";
				TEST_TARGET_NAME = FantasyUnitsConverter;
			};
			name = Debug;
		};
		9651FBDD2B7BBB530061FDF7 /* Release */ = {
			isa = XCBuildConfiguration;
			buildSettings = {
				ALWAYS_EMBED_SWIFT_STANDARD_LIBRARIES = YES;
				CODE_SIGN_STYLE = Automatic;
				CURRENT_PROJECT_VERSION = 1;
				GENERATE_INFOPLIST_FILE = YES;
				MARKETING_VERSION = 1.0;
				PRODUCT_BUNDLE_IDENTIFIER = YandexPracticum.FantasyUnitsConverterUITests;
				PRODUCT_NAME = "$(TARGET_NAME)";
				SWIFT_EMIT_LOC_STRINGS = NO;
				SWIFT_VERSION = 5.0;
				TARGETED_DEVICE_FAMILY = "1,2";
				TEST_TARGET_NAME = FantasyUnitsConverter;
			};
			name = Release;
		};
/* End XCBuildConfiguration section */

/* Begin XCConfigurationList section */
		9651FBA62B7BBB520061FDF7 /* Build configuration list for PBXProject "FantasyUnitsConverter" */ = {
			isa = XCConfigurationList;
			buildConfigurations = (
				9651FBD32B7BBB530061FDF7 /* Debug */,
				9651FBD42B7BBB530061FDF7 /* Release */,
			);
			defaultConfigurationIsVisible = 0;
			defaultConfigurationName = Release;
		};
		9651FBD52B7BBB530061FDF7 /* Build configuration list for PBXNativeTarget "FantasyUnitsConverter" */ = {
			isa = XCConfigurationList;
			buildConfigurations = (
				9651FBD62B7BBB530061FDF7 /* Debug */,
				9651FBD72B7BBB530061FDF7 /* Release */,
			);
			defaultConfigurationIsVisible = 0;
			defaultConfigurationName = Release;
		};
		9651FBD82B7BBB530061FDF7 /* Build configuration list for PBXNativeTarget "FantasyUnitsConverterTests" */ = {
			isa = XCConfigurationList;
			buildConfigurations = (
				9651FBD92B7BBB530061FDF7 /* Debug */,
				9651FBDA2B7BBB530061FDF7 /* Release */,
			);
			defaultConfigurationIsVisible = 0;
			defaultConfigurationName = Release;
		};
		9651FBDB2B7BBB530061FDF7 /* Build configuration list for PBXNativeTarget "FantasyUnitsConverterUITests" */ = {
			isa = XCConfigurationList;
			buildConfigurations = (
				9651FBDC2B7BBB530061FDF7 /* Debug */,
				9651FBDD2B7BBB530061FDF7 /* Release */,
			);
			defaultConfigurationIsVisible = 0;
			defaultConfigurationName = Release;
		};
/* End XCConfigurationList section */
	};
	rootObject = 9651FBA32B7BBB520061FDF7 /* Project object */;
}
